
Microsoft Visual Studio Solution File, Format Version 12.00
# Visual Studio 15
VisualStudioVersion = 15.0.28010.2016
MinimumVisualStudioVersion = 10.0.40219.1
Project("{FAE04EC0-301F-11D3-BF4B-00C04F79EFBC}") = "Panda.Web", "Panda.Web\Panda.Web.csproj", "{5D6A7EBD-D5BC-43B3-BE2A-D9EF80BFCBDB}"
EndProject
Project("{FAE04EC0-301F-11D3-BF4B-00C04F79EFBC}") = "Panda.WinForm", "Panda.WinForm\Panda.WinForm.csproj", "{6C0851FD-D6FB-4682-BD56-265F4CE33B8A}"
EndProject
Project("{FAE04EC0-301F-11D3-BF4B-00C04F79EFBC}") = "Panda.Common", "Panda.Common\Panda.Common.csproj", "{F5F24068-7480-46A5-A77C-67041C6A495F}"
EndProject
Project("{9A19103F-16F7-4668-BE54-9A1E7A4F7556}") = "Panda.ConsoleApp", "Panda.ConsoleApp\Panda.ConsoleApp.csproj", "{432C5F23-9527-417A-A10F-39FC872B581E}"
EndProject
Global
	GlobalSection(SolutionConfigurationPlatforms) = preSolution
		Debug|Any CPU = Debug|Any CPU
		Release|Any CPU = Release|Any CPU
	EndGlobalSection
	GlobalSection(ProjectConfigurationPlatforms) = postSolution
		{5D6A7EBD-D5BC-43B3-BE2A-D9EF80BFCBDB}.Debug|Any CPU.ActiveCfg = Debug|Any CPU
		{5D6A7EBD-D5BC-43B3-BE2A-D9EF80BFCBDB}.Debug|Any CPU.Build.0 = Debug|Any CPU
		{5D6A7EBD-D5BC-43B3-BE2A-D9EF80BFCBDB}.Release|Any CPU.ActiveCfg = Release|Any CPU
		{5D6A7EBD-D5BC-43B3-BE2A-D9EF80BFCBDB}.Release|Any CPU.Build.0 = Release|Any CPU
		{6C0851FD-D6FB-4682-BD56-265F4CE33B8A}.Debug|Any CPU.ActiveCfg = Debug|Any CPU
		{6C0851FD-D6FB-4682-BD56-265F4CE33B8A}.Debug|Any CPU.Build.0 = Debug|Any CPU
		{6C0851FD-D6FB-4682-BD56-265F4CE33B8A}.Release|Any CPU.ActiveCfg = Release|Any CPU
		{6C0851FD-D6FB-4682-BD56-265F4CE33B8A}.Release|Any CPU.Build.0 = Release|Any CPU
		{F5F24068-7480-46A5-A77C-67041C6A495F}.Debug|Any CPU.ActiveCfg = Debug|Any CPU
		{F5F24068-7480-46A5-A77C-67041C6A495F}.Debug|Any CPU.Build.0 = Debug|Any CPU
		{F5F24068-7480-46A5-A77C-67041C6A495F}.Release|Any CPU.ActiveCfg = Release|Any CPU
		{F5F24068-7480-46A5-A77C-67041C6A495F}.Release|Any CPU.Build.0 = Release|Any CPU
		{432C5F23-9527-417A-A10F-39FC872B581E}.Debug|Any CPU.ActiveCfg = Debug|Any CPU
		{432C5F23-9527-417A-A10F-39FC872B581E}.Debug|Any CPU.Build.0 = Debug|Any CPU
		{432C5F23-9527-417A-A10F-39FC872B581E}.Release|Any CPU.ActiveCfg = Release|Any CPU
		{432C5F23-9527-417A-A10F-39FC872B581E}.Release|Any CPU.Build.0 = Release|Any CPU
	EndGlobalSection
	GlobalSection(SolutionProperties) = preSolution
		HideSolutionNode = FALSE
	EndGlobalSection
	GlobalSection(ExtensibilityGlobals) = postSolution
		SolutionGuid = {F0FF089A-0B11-49E5-9EC6-0744E2DD248C}
	EndGlobalSection
EndGlobal
